
Microsoft Visual Studio Solution File, Format Version 12.00
# Visual Studio Version 16
VisualStudioVersion = 16.0.809.8
MinimumVisualStudioVersion = 10.0.40219.1
Project("{FAE04EC0-301F-11D3-BF4B-00C04F79EFBC}") = "SpeedLimit", "SpeedLimit\SpeedLimit.csproj", "{57F37A95-2432-47B0-AC03-D94243CF26E4}"
EndProject
Global
	GlobalSection(SolutionConfigurationPlatforms) = preSolution
		Debug|Any CPU = Debug|Any CPU
		Release|Any CPU = Release|Any CPU
	EndGlobalSection
	GlobalSection(ProjectConfigurationPlatforms) = postSolution
		{57F37A95-2432-47B0-AC03-D94243CF26E4}.Debug|Any CPU.ActiveCfg = Debug|Any CPU
		{57F37A95-2432-47B0-AC03-D94243CF26E4}.Debug|Any CPU.Build.0 = Debug|Any CPU
		{57F37A95-2432-47B0-AC03-D94243CF26E4}.Release|Any CPU.ActiveCfg = Release|Any CPU
		{57F37A95-2432-47B0-AC03-D94243CF26E4}.Release|Any CPU.Build.0 = Release|Any CPU
	EndGlobalSection
	GlobalSection(SolutionProperties) = preSolution
		HideSolutionNode = FALSE
	EndGlobalSection
	GlobalSection(ExtensibilityGlobals) = postSolution
		SolutionGuid = {5B233B35-738E-4BD1-BE17-B81F70AD7DF6}
	EndGlobalSection
EndGlobal
